// !$*UTF8*$!
{
	archiveVersion = 1;
	classes = {
	};
	objectVersion = 56;
	objects = {

/* Begin PBXBuildFile section */
		EB5B36162BE664B6003A3735 /* AppDelegate.swift in Sources */ = {isa = PBXBuildFile; fileRef = EB5B36152BE664B6003A3735 /* AppDelegate.swift */; };
		EB5B36182BE664B6003A3735 /* SceneDelegate.swift in Sources */ = {isa = PBXBuildFile; fileRef = EB5B36172BE664B6003A3735 /* SceneDelegate.swift */; };
		EB5B361A2BE664B6003A3735 /* ViewController.swift in Sources */ = {isa = PBXBuildFile; fileRef = EB5B36192BE664B6003A3735 /* ViewController.swift */; };
		EB5B361D2BE664B6003A3735 /* Main.storyboard in Resources */ = {isa = PBXBuildFile; fileRef = EB5B361B2BE664B6003A3735 /* Main.storyboard */; };
		EB5B361F2BE664B9003A3735 /* Assets.xcassets in Resources */ = {isa = PBXBuildFile; fileRef = EB5B361E2BE664B9003A3735 /* Assets.xcassets */; };
		EB5B36222BE664B9003A3735 /* LaunchScreen.storyboard in Resources */ = {isa = PBXBuildFile; fileRef = EB5B36202BE664B9003A3735 /* LaunchScreen.storyboard */; };
		EB5B362D2BE664B9003A3735 /* TopMoviesTests.swift in Sources */ = {isa = PBXBuildFile; fileRef = EB5B362C2BE664B9003A3735 /* TopMoviesTests.swift */; };
		EB5B36372BE664B9003A3735 /* TopMoviesUITests.swift in Sources */ = {isa = PBXBuildFile; fileRef = EB5B36362BE664B9003A3735 /* TopMoviesUITests.swift */; };
		EB5B36392BE664B9003A3735 /* TopMoviesUITestsLaunchTests.swift in Sources */ = {isa = PBXBuildFile; fileRef = EB5B36382BE664B9003A3735 /* TopMoviesUITestsLaunchTests.swift */; };
		EB5B36472BE66CED003A3735 /* NetworkingManager.swift in Sources */ = {isa = PBXBuildFile; fileRef = EB5B36462BE66CED003A3735 /* NetworkingManager.swift */; };
		EB5B36492BE66DB6003A3735 /* API.swift in Sources */ = {isa = PBXBuildFile; fileRef = EB5B36482BE66DB6003A3735 /* API.swift */; };
		EB5B364C2BE66E4A003A3735 /* OSLog+Utils.swift in Sources */ = {isa = PBXBuildFile; fileRef = EB5B364B2BE66E4A003A3735 /* OSLog+Utils.swift */; };
		EB5B364E2BE7E642003A3735 /* TopMoviesUseCase.swift in Sources */ = {isa = PBXBuildFile; fileRef = EB5B364D2BE7E641003A3735 /* TopMoviesUseCase.swift */; };
/* End PBXBuildFile section */

/* Begin PBXContainerItemProxy section */
		EB5B36292BE664B9003A3735 /* PBXContainerItemProxy */ = {
			isa = PBXContainerItemProxy;
			containerPortal = EB5B360A2BE664B6003A3735 /* Project object */;
			proxyType = 1;
			remoteGlobalIDString = EB5B36112BE664B6003A3735;
			remoteInfo = TopMovies;
		};
		EB5B36332BE664B9003A3735 /* PBXContainerItemProxy */ = {
			isa = PBXContainerItemProxy;
			containerPortal = EB5B360A2BE664B6003A3735 /* Project object */;
			proxyType = 1;
			remoteGlobalIDString = EB5B36112BE664B6003A3735;
			remoteInfo = TopMovies;
		};
/* End PBXContainerItemProxy section */

/* Begin PBXFileReference section */
		EB5B36122BE664B6003A3735 /* TopMovies.app */ = {isa = PBXFileReference; explicitFileType = wrapper.application; includeInIndex = 0; path = TopMovies.app; sourceTree = BUILT_PRODUCTS_DIR; };
		EB5B36152BE664B6003A3735 /* AppDelegate.swift */ = {isa = PBXFileReference; lastKnownFileType = sourcecode.swift; path = AppDelegate.swift; sourceTree = "<group>"; };
		EB5B36172BE664B6003A3735 /* SceneDelegate.swift */ = {isa = PBXFileReference; lastKnownFileType = sourcecode.swift; path = SceneDelegate.swift; sourceTree = "<group>"; };
		EB5B36192BE664B6003A3735 /* ViewController.swift */ = {isa = PBXFileReference; lastKnownFileType = sourcecode.swift; path = ViewController.swift; sourceTree = "<group>"; };
		EB5B361C2BE664B6003A3735 /* Base */ = {isa = PBXFileReference; lastKnownFileType = file.storyboard; name = Base; path = Base.lproj/Main.storyboard; sourceTree = "<group>"; };
		EB5B361E2BE664B9003A3735 /* Assets.xcassets */ = {isa = PBXFileReference; lastKnownFileType = folder.assetcatalog; path = Assets.xcassets; sourceTree = "<group>"; };
		EB5B36212BE664B9003A3735 /* Base */ = {isa = PBXFileReference; lastKnownFileType = file.storyboard; name = Base; path = Base.lproj/LaunchScreen.storyboard; sourceTree = "<group>"; };
		EB5B36232BE664B9003A3735 /* Info.plist */ = {isa = PBXFileReference; lastKnownFileType = text.plist.xml; path = Info.plist; sourceTree = "<group>"; };
		EB5B36282BE664B9003A3735 /* TopMoviesTests.xctest */ = {isa = PBXFileReference; explicitFileType = wrapper.cfbundle; includeInIndex = 0; path = TopMoviesTests.xctest; sourceTree = BUILT_PRODUCTS_DIR; };
		EB5B362C2BE664B9003A3735 /* TopMoviesTests.swift */ = {isa = PBXFileReference; lastKnownFileType = sourcecode.swift; path = TopMoviesTests.swift; sourceTree = "<group>"; };
		EB5B36322BE664B9003A3735 /* TopMoviesUITests.xctest */ = {isa = PBXFileReference; explicitFileType = wrapper.cfbundle; includeInIndex = 0; path = TopMoviesUITests.xctest; sourceTree = BUILT_PRODUCTS_DIR; };
		EB5B36362BE664B9003A3735 /* TopMoviesUITests.swift */ = {isa = PBXFileReference; lastKnownFileType = sourcecode.swift; path = TopMoviesUITests.swift; sourceTree = "<group>"; };
		EB5B36382BE664B9003A3735 /* TopMoviesUITestsLaunchTests.swift */ = {isa = PBXFileReference; lastKnownFileType = sourcecode.swift; path = TopMoviesUITestsLaunchTests.swift; sourceTree = "<group>"; };
		EB5B36462BE66CED003A3735 /* NetworkingManager.swift */ = {isa = PBXFileReference; lastKnownFileType = sourcecode.swift; path = NetworkingManager.swift; sourceTree = "<group>"; };
		EB5B36482BE66DB6003A3735 /* API.swift */ = {isa = PBXFileReference; lastKnownFileType = sourcecode.swift; path = API.swift; sourceTree = "<group>"; };
		EB5B364B2BE66E4A003A3735 /* OSLog+Utils.swift */ = {isa = PBXFileReference; lastKnownFileType = sourcecode.swift; path = "OSLog+Utils.swift"; sourceTree = "<group>"; };
		EB5B364D2BE7E641003A3735 /* TopMoviesUseCase.swift */ = {isa = PBXFileReference; lastKnownFileType = sourcecode.swift; path = TopMoviesUseCase.swift; sourceTree = "<group>"; };
/* End PBXFileReference section */

/* Begin PBXFrameworksBuildPhase section */
		EB5B360F2BE664B6003A3735 /* Frameworks */ = {
			isa = PBXFrameworksBuildPhase;
			buildActionMask = 2147483647;
			files = (
			);
			runOnlyForDeploymentPostprocessing = 0;
		};
		EB5B36252BE664B9003A3735 /* Frameworks */ = {
			isa = PBXFrameworksBuildPhase;
			buildActionMask = 2147483647;
			files = (
			);
			runOnlyForDeploymentPostprocessing = 0;
		};
		EB5B362F2BE664B9003A3735 /* Frameworks */ = {
			isa = PBXFrameworksBuildPhase;
			buildActionMask = 2147483647;
			files = (
			);
			runOnlyForDeploymentPostprocessing = 0;
		};
/* End PBXFrameworksBuildPhase section */

/* Begin PBXGroup section */
		EB5B36092BE664B6003A3735 = {
			isa = PBXGroup;
			children = (
				EB5B36142BE664B6003A3735 /* TopMovies */,
				EB5B362B2BE664B9003A3735 /* TopMoviesTests */,
				EB5B36352BE664B9003A3735 /* TopMoviesUITests */,
				EB5B36132BE664B6003A3735 /* Products */,
			);
			sourceTree = "<group>";
		};
		EB5B36132BE664B6003A3735 /* Products */ = {
			isa = PBXGroup;
			children = (
				EB5B36122BE664B6003A3735 /* TopMovies.app */,
				EB5B36282BE664B9003A3735 /* TopMoviesTests.xctest */,
				EB5B36322BE664B9003A3735 /* TopMoviesUITests.xctest */,
			);
			name = Products;
			sourceTree = "<group>";
		};
		EB5B36142BE664B6003A3735 /* TopMovies */ = {
			isa = PBXGroup;
			children = (
				EB5B364A2BE66E31003A3735 /* Utils */,
				EB5B36452BE66CD9003A3735 /* Networking */,
				EB5B36152BE664B6003A3735 /* AppDelegate.swift */,
				EB5B36172BE664B6003A3735 /* SceneDelegate.swift */,
				EB5B36192BE664B6003A3735 /* ViewController.swift */,
				EB5B361B2BE664B6003A3735 /* Main.storyboard */,
				EB5B361E2BE664B9003A3735 /* Assets.xcassets */,
				EB5B36202BE664B9003A3735 /* LaunchScreen.storyboard */,
				EB5B36232BE664B9003A3735 /* Info.plist */,
			);
			path = TopMovies;
			sourceTree = "<group>";
		};
		EB5B362B2BE664B9003A3735 /* TopMoviesTests */ = {
			isa = PBXGroup;
			children = (
				EB5B362C2BE664B9003A3735 /* TopMoviesTests.swift */,
			);
			path = TopMoviesTests;
			sourceTree = "<group>";
		};
		EB5B36352BE664B9003A3735 /* TopMoviesUITests */ = {
			isa = PBXGroup;
			children = (
				EB5B36362BE664B9003A3735 /* TopMoviesUITests.swift */,
				EB5B36382BE664B9003A3735 /* TopMoviesUITestsLaunchTests.swift */,
			);
			path = TopMoviesUITests;
			sourceTree = "<group>";
		};
		EB5B36452BE66CD9003A3735 /* Networking */ = {
			isa = PBXGroup;
			children = (
				EB5B36462BE66CED003A3735 /* NetworkingManager.swift */,
				EB5B36482BE66DB6003A3735 /* API.swift */,
				EB5B364D2BE7E641003A3735 /* TopMoviesUseCase.swift */,
			);
			path = Networking;
			sourceTree = "<group>";
		};
		EB5B364A2BE66E31003A3735 /* Utils */ = {
			isa = PBXGroup;
			children = (
				EB5B364B2BE66E4A003A3735 /* OSLog+Utils.swift */,
			);
			path = Utils;
			sourceTree = "<group>";
		};
/* End PBXGroup section */

/* Begin PBXNativeTarget section */
		EB5B36112BE664B6003A3735 /* TopMovies */ = {
			isa = PBXNativeTarget;
			buildConfigurationList = EB5B363C2BE664B9003A3735 /* Build configuration list for PBXNativeTarget "TopMovies" */;
			buildPhases = (
				EB5B360E2BE664B6003A3735 /* Sources */,
				EB5B360F2BE664B6003A3735 /* Frameworks */,
				EB5B36102BE664B6003A3735 /* Resources */,
			);
			buildRules = (
			);
			dependencies = (
			);
			name = TopMovies;
			productName = TopMovies;
			productReference = EB5B36122BE664B6003A3735 /* TopMovies.app */;
			productType = "com.apple.product-type.application";
		};
		EB5B36272BE664B9003A3735 /* TopMoviesTests */ = {
			isa = PBXNativeTarget;
			buildConfigurationList = EB5B363F2BE664B9003A3735 /* Build configuration list for PBXNativeTarget "TopMoviesTests" */;
			buildPhases = (
				EB5B36242BE664B9003A3735 /* Sources */,
				EB5B36252BE664B9003A3735 /* Frameworks */,
				EB5B36262BE664B9003A3735 /* Resources */,
			);
			buildRules = (
			);
			dependencies = (
				EB5B362A2BE664B9003A3735 /* PBXTargetDependency */,
			);
			name = TopMoviesTests;
			productName = TopMoviesTests;
			productReference = EB5B36282BE664B9003A3735 /* TopMoviesTests.xctest */;
			productType = "com.apple.product-type.bundle.unit-test";
		};
		EB5B36312BE664B9003A3735 /* TopMoviesUITests */ = {
			isa = PBXNativeTarget;
			buildConfigurationList = EB5B36422BE664B9003A3735 /* Build configuration list for PBXNativeTarget "TopMoviesUITests" */;
			buildPhases = (
				EB5B362E2BE664B9003A3735 /* Sources */,
				EB5B362F2BE664B9003A3735 /* Frameworks */,
				EB5B36302BE664B9003A3735 /* Resources */,
			);
			buildRules = (
			);
			dependencies = (
				EB5B36342BE664B9003A3735 /* PBXTargetDependency */,
			);
			name = TopMoviesUITests;
			productName = TopMoviesUITests;
			productReference = EB5B36322BE664B9003A3735 /* TopMoviesUITests.xctest */;
			productType = "com.apple.product-type.bundle.ui-testing";
		};
/* End PBXNativeTarget section */

/* Begin PBXProject section */
		EB5B360A2BE664B6003A3735 /* Project object */ = {
			isa = PBXProject;
			attributes = {
				BuildIndependentTargetsInParallel = 1;
				LastSwiftUpdateCheck = 1500;
				LastUpgradeCheck = 1500;
				TargetAttributes = {
					EB5B36112BE664B6003A3735 = {
						CreatedOnToolsVersion = 15.0.1;
					};
					EB5B36272BE664B9003A3735 = {
						CreatedOnToolsVersion = 15.0.1;
						TestTargetID = EB5B36112BE664B6003A3735;
					};
					EB5B36312BE664B9003A3735 = {
						CreatedOnToolsVersion = 15.0.1;
						TestTargetID = EB5B36112BE664B6003A3735;
					};
				};
			};
			buildConfigurationList = EB5B360D2BE664B6003A3735 /* Build configuration list for PBXProject "TopMovies" */;
			compatibilityVersion = "Xcode 14.0";
			developmentRegion = en;
			hasScannedForEncodings = 0;
			knownRegions = (
				en,
				Base,
			);
			mainGroup = EB5B36092BE664B6003A3735;
			productRefGroup = EB5B36132BE664B6003A3735 /* Products */;
			projectDirPath = "";
			projectRoot = "";
			targets = (
				EB5B36112BE664B6003A3735 /* TopMovies */,
				EB5B36272BE664B9003A3735 /* TopMoviesTests */,
				EB5B36312BE664B9003A3735 /* TopMoviesUITests */,
			);
		};
/* End PBXProject section */

/* Begin PBXResourcesBuildPhase section */
		EB5B36102BE664B6003A3735 /* Resources */ = {
			isa = PBXResourcesBuildPhase;
			buildActionMask = 2147483647;
			files = (
				EB5B36222BE664B9003A3735 /* LaunchScreen.storyboard in Resources */,
				EB5B361F2BE664B9003A3735 /* Assets.xcassets in Resources */,
				EB5B361D2BE664B6003A3735 /* Main.storyboard in Resources */,
			);
			runOnlyForDeploymentPostprocessing = 0;
		};
		EB5B36262BE664B9003A3735 /* Resources */ = {
			isa = PBXResourcesBuildPhase;
			buildActionMask = 2147483647;
			files = (
			);
			runOnlyForDeploymentPostprocessing = 0;
		};
		EB5B36302BE664B9003A3735 /* Resources */ = {
			isa = PBXResourcesBuildPhase;
			buildActionMask = 2147483647;
			files = (
			);
			runOnlyForDeploymentPostprocessing = 0;
		};
/* End PBXResourcesBuildPhase section */

/* Begin PBXSourcesBuildPhase section */
		EB5B360E2BE664B6003A3735 /* Sources */ = {
			isa = PBXSourcesBuildPhase;
			buildActionMask = 2147483647;
			files = (
				EB5B364E2BE7E642003A3735 /* TopMoviesUseCase.swift in Sources */,
				EB5B361A2BE664B6003A3735 /* ViewController.swift in Sources */,
				EB5B36162BE664B6003A3735 /* AppDelegate.swift in Sources */,
				EB5B36182BE664B6003A3735 /* SceneDelegate.swift in Sources */,
				EB5B36472BE66CED003A3735 /* NetworkingManager.swift in Sources */,
				EB5B364C2BE66E4A003A3735 /* OSLog+Utils.swift in Sources */,
				EB5B36492BE66DB6003A3735 /* API.swift in Sources */,
			);
			runOnlyForDeploymentPostprocessing = 0;
		};
		EB5B36242BE664B9003A3735 /* Sources */ = {
			isa = PBXSourcesBuildPhase;
			buildActionMask = 2147483647;
			files = (
				EB5B362D2BE664B9003A3735 /* TopMoviesTests.swift in Sources */,
			);
			runOnlyForDeploymentPostprocessing = 0;
		};
		EB5B362E2BE664B9003A3735 /* Sources */ = {
			isa = PBXSourcesBuildPhase;
			buildActionMask = 2147483647;
			files = (
				EB5B36372BE664B9003A3735 /* TopMoviesUITests.swift in Sources */,
				EB5B36392BE664B9003A3735 /* TopMoviesUITestsLaunchTests.swift in Sources */,
			);
			runOnlyForDeploymentPostprocessing = 0;
		};
/* End PBXSourcesBuildPhase section */

/* Begin PBXTargetDependency section */
		EB5B362A2BE664B9003A3735 /* PBXTargetDependency */ = {
			isa = PBXTargetDependency;
			target = EB5B36112BE664B6003A3735 /* TopMovies */;
			targetProxy = EB5B36292BE664B9003A3735 /* PBXContainerItemProxy */;
		};
		EB5B36342BE664B9003A3735 /* PBXTargetDependency */ = {
			isa = PBXTargetDependency;
			target = EB5B36112BE664B6003A3735 /* TopMovies */;
			targetProxy = EB5B36332BE664B9003A3735 /* PBXContainerItemProxy */;
		};
/* End PBXTargetDependency section */

/* Begin PBXVariantGroup section */
		EB5B361B2BE664B6003A3735 /* Main.storyboard */ = {
			isa = PBXVariantGroup;
			children = (
				EB5B361C2BE664B6003A3735 /* Base */,
			);
			name = Main.storyboard;
			sourceTree = "<group>";
		};
		EB5B36202BE664B9003A3735 /* LaunchScreen.storyboard */ = {
			isa = PBXVariantGroup;
			children = (
				EB5B36212BE664B9003A3735 /* Base */,
			);
			name = LaunchScreen.storyboard;
			sourceTree = "<group>";
		};
/* End PBXVariantGroup section */

/* Begin XCBuildConfiguration section */
		EB5B363A2BE664B9003A3735 /* Debug */ = {
			isa = XCBuildConfiguration;
			buildSettings = {
				ALWAYS_SEARCH_USER_PATHS = NO;
				ASSETCATALOG_COMPILER_GENERATE_SWIFT_ASSET_SYMBOL_EXTENSIONS = YES;
				CLANG_ANALYZER_NONNULL = YES;
				CLANG_ANALYZER_NUMBER_OBJECT_CONVERSION = YES_AGGRESSIVE;
				CLANG_CXX_LANGUAGE_STANDARD = "gnu++20";
				CLANG_ENABLE_MODULES = YES;
				CLANG_ENABLE_OBJC_ARC = YES;
				CLANG_ENABLE_OBJC_WEAK = YES;
				CLANG_WARN_BLOCK_CAPTURE_AUTORELEASING = YES;
				CLANG_WARN_BOOL_CONVERSION = YES;
				CLANG_WARN_COMMA = YES;
				CLANG_WARN_CONSTANT_CONVERSION = YES;
				CLANG_WARN_DEPRECATED_OBJC_IMPLEMENTATIONS = YES;
				CLANG_WARN_DIRECT_OBJC_ISA_USAGE = YES_ERROR;
				CLANG_WARN_DOCUMENTATION_COMMENTS = YES;
				CLANG_WARN_EMPTY_BODY = YES;
				CLANG_WARN_ENUM_CONVERSION = YES;
				CLANG_WARN_INFINITE_RECURSION = YES;
				CLANG_WARN_INT_CONVERSION = YES;
				CLANG_WARN_NON_LITERAL_NULL_CONVERSION = YES;
				CLANG_WARN_OBJC_IMPLICIT_RETAIN_SELF = YES;
				CLANG_WARN_OBJC_LITERAL_CONVERSION = YES;
				CLANG_WARN_OBJC_ROOT_CLASS = YES_ERROR;
				CLANG_WARN_QUOTED_INCLUDE_IN_FRAMEWORK_HEADER = YES;
				CLANG_WARN_RANGE_LOOP_ANALYSIS = YES;
				CLANG_WARN_STRICT_PROTOTYPES = YES;
				CLANG_WARN_SUSPICIOUS_MOVE = YES;
				CLANG_WARN_UNGUARDED_AVAILABILITY = YES_AGGRESSIVE;
				CLANG_WARN_UNREACHABLE_CODE = YES;
				CLANG_WARN__DUPLICATE_METHOD_MATCH = YES;
				COPY_PHASE_STRIP = NO;
				DEBUG_INFORMATION_FORMAT = dwarf;
				ENABLE_STRICT_OBJC_MSGSEND = YES;
				ENABLE_TESTABILITY = YES;
				ENABLE_USER_SCRIPT_SANDBOXING = YES;
				GCC_C_LANGUAGE_STANDARD = gnu17;
				GCC_DYNAMIC_NO_PIC = NO;
				GCC_NO_COMMON_BLOCKS = YES;
				GCC_OPTIMIZATION_LEVEL = 0;
				GCC_PREPROCESSOR_DEFINITIONS = (
					"DEBUG=1",
					"$(inherited)",
				);
				GCC_WARN_64_TO_32_BIT_CONVERSION = YES;
				GCC_WARN_ABOUT_RETURN_TYPE = YES_ERROR;
				GCC_WARN_UNDECLARED_SELECTOR = YES;
				GCC_WARN_UNINITIALIZED_AUTOS = YES_AGGRESSIVE;
				GCC_WARN_UNUSED_FUNCTION = YES;
				GCC_WARN_UNUSED_VARIABLE = YES;
				IPHONEOS_DEPLOYMENT_TARGET = 17.0;
				LOCALIZATION_PREFERS_STRING_CATALOGS = YES;
				MTL_ENABLE_DEBUG_INFO = INCLUDE_SOURCE;
				MTL_FAST_MATH = YES;
				ONLY_ACTIVE_ARCH = YES;
				SDKROOT = iphoneos;
				SWIFT_ACTIVE_COMPILATION_CONDITIONS = "DEBUG $(inherited)";
				SWIFT_OPTIMIZATION_LEVEL = "-Onone";
			};
			name = Debug;
		};
		EB5B363B2BE664B9003A3735 /* Release */ = {
			isa = XCBuildConfiguration;
			buildSettings = {
				ALWAYS_SEARCH_USER_PATHS = NO;
				ASSETCATALOG_COMPILER_GENERATE_SWIFT_ASSET_SYMBOL_EXTENSIONS = YES;
				CLANG_ANALYZER_NONNULL = YES;
				CLANG_ANALYZER_NUMBER_OBJECT_CONVERSION = YES_AGGRESSIVE;
				CLANG_CXX_LANGUAGE_STANDARD = "gnu++20";
				CLANG_ENABLE_MODULES = YES;
				CLANG_ENABLE_OBJC_ARC = YES;
				CLANG_ENABLE_OBJC_WEAK = YES;
				CLANG_WARN_BLOCK_CAPTURE_AUTORELEASING = YES;
				CLANG_WARN_BOOL_CONVERSION = YES;
				CLANG_WARN_COMMA = YES;
				CLANG_WARN_CONSTANT_CONVERSION = YES;
				CLANG_WARN_DEPRECATED_OBJC_IMPLEMENTATIONS = YES;
				CLANG_WARN_DIRECT_OBJC_ISA_USAGE = YES_ERROR;
				CLANG_WARN_DOCUMENTATION_COMMENTS = YES;
				CLANG_WARN_EMPTY_BODY = YES;
				CLANG_WARN_ENUM_CONVERSION = YES;
				CLANG_WARN_INFINITE_RECURSION = YES;
				CLANG_WARN_INT_CONVERSION = YES;
				CLANG_WARN_NON_LITERAL_NULL_CONVERSION = YES;
				CLANG_WARN_OBJC_IMPLICIT_RETAIN_SELF = YES;
				CLANG_WARN_OBJC_LITERAL_CONVERSION = YES;
				CLANG_WARN_OBJC_ROOT_CLASS = YES_ERROR;
				CLANG_WARN_QUOTED_INCLUDE_IN_FRAMEWORK_HEADER = YES;
				CLANG_WARN_RANGE_LOOP_ANALYSIS = YES;
				CLANG_WARN_STRICT_PROTOTYPES = YES;
				CLANG_WARN_SUSPICIOUS_MOVE = YES;
				CLANG_WARN_UNGUARDED_AVAILABILITY = YES_AGGRESSIVE;
				CLANG_WARN_UNREACHABLE_CODE = YES;
				CLANG_WARN__DUPLICATE_METHOD_MATCH = YES;
				COPY_PHASE_STRIP = NO;
				DEBUG_INFORMATION_FORMAT = "dwarf-with-dsym";
				ENABLE_NS_ASSERTIONS = NO;
				ENABLE_STRICT_OBJC_MSGSEND = YES;
				ENABLE_USER_SCRIPT_SANDBOXING = YES;
				GCC_C_LANGUAGE_STANDARD = gnu17;
				GCC_NO_COMMON_BLOCKS = YES;
				GCC_WARN_64_TO_32_BIT_CONVERSION = YES;
				GCC_WARN_ABOUT_RETURN_TYPE = YES_ERROR;
				GCC_WARN_UNDECLARED_SELECTOR = YES;
				GCC_WARN_UNINITIALIZED_AUTOS = YES_AGGRESSIVE;
				GCC_WARN_UNUSED_FUNCTION = YES;
				GCC_WARN_UNUSED_VARIABLE = YES;
				IPHONEOS_DEPLOYMENT_TARGET = 17.0;
				LOCALIZATION_PREFERS_STRING_CATALOGS = YES;
				MTL_ENABLE_DEBUG_INFO = NO;
				MTL_FAST_MATH = YES;
				SDKROOT = iphoneos;
				SWIFT_COMPILATION_MODE = wholemodule;
				VALIDATE_PRODUCT = YES;
			};
			name = Release;
		};
		EB5B363D2BE664B9003A3735 /* Debug */ = {
			isa = XCBuildConfiguration;
			buildSettings = {
				ASSETCATALOG_COMPILER_APPICON_NAME = AppIcon;
				ASSETCATALOG_COMPILER_GLOBAL_ACCENT_COLOR_NAME = AccentColor;
				CODE_SIGN_STYLE = Automatic;
				CURRENT_PROJECT_VERSION = 1;
				DEVELOPMENT_TEAM = 7577XXK6FR;
				GENERATE_INFOPLIST_FILE = YES;
				INFOPLIST_FILE = TopMovies/Info.plist;
				INFOPLIST_KEY_UIApplicationSupportsIndirectInputEvents = YES;
				INFOPLIST_KEY_UILaunchStoryboardName = LaunchScreen;
				INFOPLIST_KEY_UIMainStoryboardFile = Main;
				INFOPLIST_KEY_UISupportedInterfaceOrientations_iPad = "UIInterfaceOrientationPortrait UIInterfaceOrientationPortraitUpsideDown UIInterfaceOrientationLandscapeLeft UIInterfaceOrientationLandscapeRight";
				INFOPLIST_KEY_UISupportedInterfaceOrientations_iPhone = "UIInterfaceOrientationPortrait UIInterfaceOrientationLandscapeLeft UIInterfaceOrientationLandscapeRight";
				LD_RUNPATH_SEARCH_PATHS = (
					"$(inherited)",
					"@executable_path/Frameworks",
				);
				MARKETING_VERSION = 1.0;
				PRODUCT_BUNDLE_IDENTIFIER = com.PedroVillamil.TopMovies;
				PRODUCT_NAME = "$(TARGET_NAME)";
				SWIFT_EMIT_LOC_STRINGS = YES;
				SWIFT_VERSION = 5.0;
				TARGETED_DEVICE_FAMILY = "1,2";
			};
			name = Debug;
		};
		EB5B363E2BE664B9003A3735 /* Release */ = {
			isa = XCBuildConfiguration;
			buildSettings = {
				ASSETCATALOG_COMPILER_APPICON_NAME = AppIcon;
				ASSETCATALOG_COMPILER_GLOBAL_ACCENT_COLOR_NAME = AccentColor;
				CODE_SIGN_STYLE = Automatic;
				CURRENT_PROJECT_VERSION = 1;
				DEVELOPMENT_TEAM = 7577XXK6FR;
				GENERATE_INFOPLIST_FILE = YES;
				INFOPLIST_FILE = TopMovies/Info.plist;
				INFOPLIST_KEY_UIApplicationSupportsIndirectInputEvents = YES;
				INFOPLIST_KEY_UILaunchStoryboardName = LaunchScreen;
				INFOPLIST_KEY_UIMainStoryboardFile = Main;
				INFOPLIST_KEY_UISupportedInterfaceOrientations_iPad = "UIInterfaceOrientationPortrait UIInterfaceOrientationPortraitUpsideDown UIInterfaceOrientationLandscapeLeft UIInterfaceOrientationLandscapeRight";
				INFOPLIST_KEY_UISupportedInterfaceOrientations_iPhone = "UIInterfaceOrientationPortrait UIInterfaceOrientationLandscapeLeft UIInterfaceOrientationLandscapeRight";
				LD_RUNPATH_SEARCH_PATHS = (
					"$(inherited)",
					"@executable_path/Frameworks",
				);
				MARKETING_VERSION = 1.0;
				PRODUCT_BUNDLE_IDENTIFIER = com.PedroVillamil.TopMovies;
				PRODUCT_NAME = "$(TARGET_NAME)";
				SWIFT_EMIT_LOC_STRINGS = YES;
				SWIFT_VERSION = 5.0;
				TARGETED_DEVICE_FAMILY = "1,2";
			};
			name = Release;
		};
		EB5B36402BE664B9003A3735 /* Debug */ = {
			isa = XCBuildConfiguration;
			buildSettings = {
				ALWAYS_EMBED_SWIFT_STANDARD_LIBRARIES = YES;
				BUNDLE_LOADER = "$(TEST_HOST)";
				CODE_SIGN_STYLE = Automatic;
				CURRENT_PROJECT_VERSION = 1;
				DEVELOPMENT_TEAM = 7577XXK6FR;
				GENERATE_INFOPLIST_FILE = YES;
				IPHONEOS_DEPLOYMENT_TARGET = 17.0;
				MARKETING_VERSION = 1.0;
				PRODUCT_BUNDLE_IDENTIFIER = com.PedroVillamil.TopMoviesTests;
				PRODUCT_NAME = "$(TARGET_NAME)";
				SWIFT_EMIT_LOC_STRINGS = NO;
				SWIFT_VERSION = 5.0;
				TARGETED_DEVICE_FAMILY = "1,2";
				TEST_HOST = "$(BUILT_PRODUCTS_DIR)/TopMovies.app/$(BUNDLE_EXECUTABLE_FOLDER_PATH)/TopMovies";
			};
			name = Debug;
		};
		EB5B36412BE664B9003A3735 /* Release */ = {
			isa = XCBuildConfiguration;
			buildSettings = {
				ALWAYS_EMBED_SWIFT_STANDARD_LIBRARIES = YES;
				BUNDLE_LOADER = "$(TEST_HOST)";
				CODE_SIGN_STYLE = Automatic;
				CURRENT_PROJECT_VERSION = 1;
				DEVELOPMENT_TEAM = 7577XXK6FR;
				GENERATE_INFOPLIST_FILE = YES;
				IPHONEOS_DEPLOYMENT_TARGET = 17.0;
				MARKETING_VERSION = 1.0;
				PRODUCT_BUNDLE_IDENTIFIER = com.PedroVillamil.TopMoviesTests;
				PRODUCT_NAME = "$(TARGET_NAME)";
				SWIFT_EMIT_LOC_STRINGS = NO;
				SWIFT_VERSION = 5.0;
				TARGETED_DEVICE_FAMILY = "1,2";
				TEST_HOST = "$(BUILT_PRODUCTS_DIR)/TopMovies.app/$(BUNDLE_EXECUTABLE_FOLDER_PATH)/TopMovies";
			};
			name = Release;
		};
		EB5B36432BE664B9003A3735 /* Debug */ = {
			isa = XCBuildConfiguration;
			buildSettings = {
				ALWAYS_EMBED_SWIFT_STANDARD_LIBRARIES = YES;
				CODE_SIGN_STYLE = Automatic;
				CURRENT_PROJECT_VERSION = 1;
				DEVELOPMENT_TEAM = 7577XXK6FR;
				GENERATE_INFOPLIST_FILE = YES;
				MARKETING_VERSION = 1.0;
				PRODUCT_BUNDLE_IDENTIFIER = com.PedroVillamil.TopMoviesUITests;
				PRODUCT_NAME = "$(TARGET_NAME)";
				SWIFT_EMIT_LOC_STRINGS = NO;
				SWIFT_VERSION = 5.0;
				TARGETED_DEVICE_FAMILY = "1,2";
				TEST_TARGET_NAME = TopMovies;
			};
			name = Debug;
		};
		EB5B36442BE664B9003A3735 /* Release */ = {
			isa = XCBuildConfiguration;
			buildSettings = {
				ALWAYS_EMBED_SWIFT_STANDARD_LIBRARIES = YES;
				CODE_SIGN_STYLE = Automatic;
				CURRENT_PROJECT_VERSION = 1;
				DEVELOPMENT_TEAM = 7577XXK6FR;
				GENERATE_INFOPLIST_FILE = YES;
				MARKETING_VERSION = 1.0;
				PRODUCT_BUNDLE_IDENTIFIER = com.PedroVillamil.TopMoviesUITests;
				PRODUCT_NAME = "$(TARGET_NAME)";
				SWIFT_EMIT_LOC_STRINGS = NO;
				SWIFT_VERSION = 5.0;
				TARGETED_DEVICE_FAMILY = "1,2";
				TEST_TARGET_NAME = TopMovies;
			};
			name = Release;
		};
/* End XCBuildConfiguration section */

/* Begin XCConfigurationList section */
		EB5B360D2BE664B6003A3735 /* Build configuration list for PBXProject "TopMovies" */ = {
			isa = XCConfigurationList;
			buildConfigurations = (
				EB5B363A2BE664B9003A3735 /* Debug */,
				EB5B363B2BE664B9003A3735 /* Release */,
			);
			defaultConfigurationIsVisible = 0;
			defaultConfigurationName = Release;
		};
		EB5B363C2BE664B9003A3735 /* Build configuration list for PBXNativeTarget "TopMovies" */ = {
			isa = XCConfigurationList;
			buildConfigurations = (
				EB5B363D2BE664B9003A3735 /* Debug */,
				EB5B363E2BE664B9003A3735 /* Release */,
			);
			defaultConfigurationIsVisible = 0;
			defaultConfigurationName = Release;
		};
		EB5B363F2BE664B9003A3735 /* Build configuration list for PBXNativeTarget "TopMoviesTests" */ = {
			isa = XCConfigurationList;
			buildConfigurations = (
				EB5B36402BE664B9003A3735 /* Debug */,
				EB5B36412BE664B9003A3735 /* Release */,
			);
			defaultConfigurationIsVisible = 0;
			defaultConfigurationName = Release;
		};
		EB5B36422BE664B9003A3735 /* Build configuration list for PBXNativeTarget "TopMoviesUITests" */ = {
			isa = XCConfigurationList;
			buildConfigurations = (
				EB5B36432BE664B9003A3735 /* Debug */,
				EB5B36442BE664B9003A3735 /* Release */,
			);
			defaultConfigurationIsVisible = 0;
			defaultConfigurationName = Release;
		};
/* End XCConfigurationList section */
	};
	rootObject = EB5B360A2BE664B6003A3735 /* Project object */;
}
